
Microsoft Visual Studio Solution File, Format Version 12.00
# Visual Studio Version 16
VisualStudioVersion = 16.0.30907.101
MinimumVisualStudioVersion = 10.0.40219.1
Project("{FAE04EC0-301F-11D3-BF4B-00C04F79EFBC}") = "WebApplicationTopher", "WebApplicationTopher\WebApplicationTopher.csproj", "{62E48F94-5839-4676-9950-BF0C524F051C}"
EndProject
Global
	GlobalSection(SolutionConfigurationPlatforms) = preSolution
		Debug|Any CPU = Debug|Any CPU
		Release|Any CPU = Release|Any CPU
	EndGlobalSection
	GlobalSection(ProjectConfigurationPlatforms) = postSolution
		{62E48F94-5839-4676-9950-BF0C524F051C}.Debug|Any CPU.ActiveCfg = Debug|Any CPU
		{62E48F94-5839-4676-9950-BF0C524F051C}.Debug|Any CPU.Build.0 = Debug|Any CPU
		{62E48F94-5839-4676-9950-BF0C524F051C}.Release|Any CPU.ActiveCfg = Release|Any CPU
		{62E48F94-5839-4676-9950-BF0C524F051C}.Release|Any CPU.Build.0 = Release|Any CPU
	EndGlobalSection
	GlobalSection(SolutionProperties) = preSolution
		HideSolutionNode = FALSE
	EndGlobalSection
	GlobalSection(ExtensibilityGlobals) = postSolution
		SolutionGuid = {B615B31E-E285-4C68-8C1B-3B7EE58651B7}
	EndGlobalSection
EndGlobal
